{
  "version": "5",
  "specifiers": {
    "jsr:@std/assert@^1.0.16": "1.0.16",
    "jsr:@std/internal@^1.0.12": "1.0.12",
    "jsr:@xan/observable@0.1": "0.1.0",
    "jsr:@xan/observer@0.1": "0.1.0",
    "jsr:@xan/subject@0.1": "0.1.0"
  },
  "jsr": {
    "@std/assert@1.0.16": {
      "integrity": "6a7272ed1eaa77defe76e5ff63ca705d9c495077e2d5fd0126d2b53fc5bd6532",
      "dependencies": [
        "jsr:@std/internal"
      ]
    },
    "@std/internal@1.0.12": {
      "integrity": "972a634fd5bc34b242024402972cd5143eac68d8dffaca5eaa4dba30ce17b027"
    },
    "@xan/observable@0.1.0": {
      "integrity": "758ff7f80b7b800dc38b87758447da8defd1bd554bc88c0baf341daffb1429bb",
      "dependencies": [
        "jsr:@xan/observer"
      ]
    },
    "@xan/observer@0.1.0": {
      "integrity": "a05d35416102441584c182b94963a2d6d357c060e82173efc3181ca61108ebb9"
    },
    "@xan/subject@0.1.0": {
      "integrity": "da072adb804dff9cb5d66d9335259701cc2dee5282ffd1a7c74838e531095afc",
      "dependencies": [
        "jsr:@xan/observable",
        "jsr:@xan/observer"
      ]
    }
  },
  "workspace": {
    "dependencies": [
      "jsr:@std/assert@^1.0.16",
      "jsr:@xan/observable@0.1",
      "jsr:@xan/observer@0.1",
      "jsr:@xan/subject@0.1"
    ]
  }
}
